
Microsoft Visual Studio Solution File, Format Version 12.00
# Visual Studio Version 16
VisualStudioVersion = 16.0.29709.97
MinimumVisualStudioVersion = 10.0.40219.1
Project("{9A19103F-16F7-4668-BE54-9A1E7A4F7556}") = "WAVL", "WAVL\WAVL.csproj", "{0CA41CE1-5762-4198-82EA-E77919F94FA0}"
EndProject
Project("{9A19103F-16F7-4668-BE54-9A1E7A4F7556}") = "PersistentWAVL", "PersistentWAVL\PersistentWAVL.csproj", "{20B719CC-25A3-463F-9AF7-0EDA9239C329}"
EndProject
Project("{9A19103F-16F7-4668-BE54-9A1E7A4F7556}") = "PersistentWAVL.Tests", "PersistentWAVL.Tests\PersistentWAVL.Tests.csproj", "{0B40F521-E1E1-411F-8BCE-CBE0281BACEA}"
EndProject
Global
	GlobalSection(SolutionConfigurationPlatforms) = preSolution
		Debug|Any CPU = Debug|Any CPU
		Release|Any CPU = Release|Any CPU
	EndGlobalSection
	GlobalSection(ProjectConfigurationPlatforms) = postSolution
		{0CA41CE1-5762-4198-82EA-E77919F94FA0}.Debug|Any CPU.ActiveCfg = Debug|Any CPU
		{0CA41CE1-5762-4198-82EA-E77919F94FA0}.Debug|Any CPU.Build.0 = Debug|Any CPU
		{0CA41CE1-5762-4198-82EA-E77919F94FA0}.Release|Any CPU.ActiveCfg = Release|Any CPU
		{0CA41CE1-5762-4198-82EA-E77919F94FA0}.Release|Any CPU.Build.0 = Release|Any CPU
		{20B719CC-25A3-463F-9AF7-0EDA9239C329}.Debug|Any CPU.ActiveCfg = Debug|Any CPU
		{20B719CC-25A3-463F-9AF7-0EDA9239C329}.Debug|Any CPU.Build.0 = Debug|Any CPU
		{20B719CC-25A3-463F-9AF7-0EDA9239C329}.Release|Any CPU.ActiveCfg = Release|Any CPU
		{20B719CC-25A3-463F-9AF7-0EDA9239C329}.Release|Any CPU.Build.0 = Release|Any CPU
		{0B40F521-E1E1-411F-8BCE-CBE0281BACEA}.Debug|Any CPU.ActiveCfg = Debug|Any CPU
		{0B40F521-E1E1-411F-8BCE-CBE0281BACEA}.Debug|Any CPU.Build.0 = Debug|Any CPU
		{0B40F521-E1E1-411F-8BCE-CBE0281BACEA}.Release|Any CPU.ActiveCfg = Release|Any CPU
		{0B40F521-E1E1-411F-8BCE-CBE0281BACEA}.Release|Any CPU.Build.0 = Release|Any CPU
	EndGlobalSection
	GlobalSection(SolutionProperties) = preSolution
		HideSolutionNode = FALSE
	EndGlobalSection
	GlobalSection(ExtensibilityGlobals) = postSolution
		SolutionGuid = {AB0EACFB-311C-421C-B686-9226C3046C94}
	EndGlobalSection
EndGlobal
